Microsoft Visual Studio Solution File, Format Version 12.00
# Visual Studio Version 17
VisualStudioVersion = 17.5.2.0
MinimumVisualStudioVersion = 10.0.40219.1
Project("{FAE04EC0-301F-11D3-BF4B-00C04F79EFBC}") = "repo_demo", "repo_demo\repo_demo.csproj", "{006B588F-7524-6C96-4510-46539AC37C60}"
EndProject
Global
	GlobalSection(SolutionConfigurationPlatforms) = preSolution
		Debug|Any CPU = Debug|Any CPU
		Release|Any CPU = Release|Any CPU
	EndGlobalSection
	GlobalSection(ProjectConfigurationPlatforms) = postSolution
		{006B588F-7524-6C96-4510-46539AC37C60}.Debug|Any CPU.ActiveCfg = Debug|Any CPU
		{006B588F-7524-6C96-4510-46539AC37C60}.Debug|Any CPU.Build.0 = Debug|Any CPU
		{006B588F-7524-6C96-4510-46539AC37C60}.Release|Any CPU.ActiveCfg = Release|Any CPU
		{006B588F-7524-6C96-4510-46539AC37C60}.Release|Any CPU.Build.0 = Release|Any CPU
	EndGlobalSection
	GlobalSection(SolutionProperties) = preSolution
		HideSolutionNode = FALSE
	EndGlobalSection
	GlobalSection(ExtensibilityGlobals) = postSolution
		SolutionGuid = {06BC3A52-3500-4A01-B170-9A6B21C23BF9}
	EndGlobalSection
EndGlobal
